{
  "name": "npm-project",
  "version": "1.0.0",
  "lockfileVersion": 2,
  "requires": true,
  "packages": {
    "": {
      "name": "npm-project",
      "version": "1.0.0",
      "license": "ISC",
      "workspaces": [
        "packages/*"
      ],
      "engines": {
        "node": ">=16.17.0"
      }
    },
    "node_modules/@test/repo1": {
      "resolved": "packages/repo1",
      "link": true
    },
    "node_modules/@test/repo2": {
      "resolved": "packages/repo2",
      "link": true
    },
    "packages/repo1": {
      "name": "@test/repo1",
      "version": "1.0.0",
      "license": "ISC"
    },
    "packages/repo2": {
      "name": "@test/repo2",
      "version": "1.0.0",
      "license": "ISC",
      "dependencies": {
        "@test/repo1": "^1.0.0"
      }
    },
    "repo3": {
      "version": "1.0.0",
      "extraneous": true,
      "license": "ISC",
      "devDependencies": {}
    }
  },
  "dependencies": {
    "@test/repo1": {
      "version": "file:packages/repo1"
    },
    "@test/repo2": {
      "version": "file:packages/repo2",
      "requires": {
        "@test/repo1": "^1.0.0"
      }
    }
  }
}
