# This file is generated by running "yarn install" inside your project.
# Manual changes might be lost - proceed with caution!

__metadata:
  version: 6
  cacheKey: 8

"lodash@npm:^2.1.0":
  version: 2.4.2
  resolution: "lodash@npm:2.4.2"
  checksum: b18a5e5858091e2a0e6498e9f0efde559f64a2cc7adfa240c7da92930b7c734a9e52519101522e9fbd7acfcfb0ef682ce9b9cb668b5fea4809cb340435c1764d
  languageName: node
  linkType: hard

"lodash@npm:^4.17.21":
  version: 4.17.21
  resolution: "lodash@npm:4.17.21"
  checksum: eb835a2e51d381e561e508ce932ea50a8e5a68f4ebdd771ea240d3048244a8d13658acbd502cd4829768c56f2e16bdd4340b9ea141297d472517b83868e677f7
  languageName: node
  linkType: hard

"repo1@1.0.0, repo1@workspace:repo1":
  version: 0.0.0-use.local
  resolution: "repo1@workspace:repo1"
  dependencies:
    lodash: ^4.17.21
    repo2: "workspace:^"
  languageName: unknown
  linkType: soft

"repo2@workspace:^, repo2@workspace:repo2":
  version: 0.0.0-use.local
  resolution: "repo2@workspace:repo2"
  dependencies:
    lodash: ^2.1.0
    repo1: 1.0.0
  languageName: unknown
  linkType: soft

"yarn-project@workspace:.":
  version: 0.0.0-use.local
  resolution: "yarn-project@workspace:."
  languageName: unknown
  linkType: soft
